
Microsoft Visual Studio Solution File, Format Version 12.00
# Visual Studio 15
VisualStudioVersion = 15.0.28307.902
MinimumVisualStudioVersion = 10.0.40219.1
Project("{FAE04EC0-301F-11D3-BF4B-00C04F79EFBC}") = "Auction", "Auction\Auction.csproj", "{5D17F329-D475-4646-935F-5F371B4828FB}"
EndProject
Project("{FAE04EC0-301F-11D3-BF4B-00C04F79EFBC}") = "Auction.Tests", "Auction.Tests\Auction.Tests.csproj", "{99DADFC9-4A86-4D63-B42D-EC437DAA4BBA}"
EndProject
Global
	GlobalSection(SolutionConfigurationPlatforms) = preSolution
		Debug|Any CPU = Debug|Any CPU
		Release|Any CPU = Release|Any CPU
	EndGlobalSection
	GlobalSection(ProjectConfigurationPlatforms) = postSolution
		{5D17F329-D475-4646-935F-5F371B4828FB}.Debug|Any CPU.ActiveCfg = Debug|Any CPU
		{5D17F329-D475-4646-935F-5F371B4828FB}.Debug|Any CPU.Build.0 = Debug|Any CPU
		{5D17F329-D475-4646-935F-5F371B4828FB}.Release|Any CPU.ActiveCfg = Release|Any CPU
		{5D17F329-D475-4646-935F-5F371B4828FB}.Release|Any CPU.Build.0 = Release|Any CPU
		{99DADFC9-4A86-4D63-B42D-EC437DAA4BBA}.Debug|Any CPU.ActiveCfg = Debug|Any CPU
		{99DADFC9-4A86-4D63-B42D-EC437DAA4BBA}.Debug|Any CPU.Build.0 = Debug|Any CPU
		{99DADFC9-4A86-4D63-B42D-EC437DAA4BBA}.Release|Any CPU.ActiveCfg = Release|Any CPU
		{99DADFC9-4A86-4D63-B42D-EC437DAA4BBA}.Release|Any CPU.Build.0 = Release|Any CPU
	EndGlobalSection
	GlobalSection(SolutionProperties) = preSolution
		HideSolutionNode = FALSE
	EndGlobalSection
	GlobalSection(ExtensibilityGlobals) = postSolution
		SolutionGuid = {81630994-8B18-4616-93B5-70C664C4CCDB}
	EndGlobalSection
EndGlobal
